<?xml version="1.0" encoding="utf-8"?>
<Project ToolsVersion="4.0" xmlns="http://schemas.microsoft.com/developer/msbuild/2003">
  <ItemGroup>
    <Filter Include="Resource Files">
      <UniqueIdentifier>{5c65d7b0-dbc3-457b-b062-2662606d3160}</UniqueIdentifier>
      <Extensions>ico;cur;bmp;dlg;rc2;rct;bin;rgs;gif;jpg;jpeg;jpe</Extensions>
    </Filter>
    <Filter Include="Resource Scripts">
      <UniqueIdentifier>{e8a57d5d-e292-40d4-9071-89a3f4e22b7b}</UniqueIdentifier>
    </Filter>
    <Filter Include="Resource Symbols">
      <UniqueIdentifier>{880a89e2-bce4-4a28-b99c-ca70f6caf12d}</UniqueIdentifier>
    </Filter>
  </ItemGroup>
  <ItemGroup>
    <ClInclude Include="..\sakura_core\version.h">
      <Filter>Resource Symbols</Filter>
    </ClInclude>
    <ClInclude Include="..\sakura_core\githash.h">
      <Filter>Resource Symbols</Filter>
    </ClInclude>
    <ClInclude Include="..\sakura_core\sakura.hh">
      <Filter>Resource Symbols</Filter>
    </ClInclude>
    <ClInclude Include="..\sakura_core\String_define.h">
      <Filter>Resource Symbols</Filter>
    </ClInclude>
    <ClInclude Include="..\sakura_core\sakura_rc.h">
      <Filter>Resource Symbols</Filter>
    </ClInclude>
  </ItemGroup>
  <ItemGroup>
    <None Include="..\resource\auto_scroll_center.cur">
      <Filter>Resource Files</Filter>
    </None>
    <None Include="..\resource\auto_scroll_down.cur">
      <Filter>Resource Files</Filter>
    </None>
    <None Include="..\resource\auto_scroll_down_left.cur">
      <Filter>Resource Files</Filter>
    </None>
    <None Include="..\resource\auto_scroll_down_right.cur">
      <Filter>Resource Files</Filter>
    </None>
    <None Include="..\resource\auto_scroll_horizontal.cur">
      <Filter>Resource Files</Filter>
    </None>
    <None Include="..\resource\auto_scroll_left.cur">
      <Filter>Resource Files</Filter>
    </None>
    <None Include="..\resource\auto_scroll_right.cur">
      <Filter>Resource Files</Filter>
    </None>
    <None Include="..\resource\auto_scroll_up.cur">
      <Filter>Resource Files</Filter>
    </None>
    <None Include="..\resource\auto_scroll_up_left.cur">
      <Filter>Resource Files</Filter>
    </None>
    <None Include="..\resource\auto_scroll_up_right.cur">
      <Filter>Resource Files</Filter>
    </None>
    <None Include="..\resource\auto_scroll_vertical.cur">
      <Filter>Resource Files</Filter>
    </None>
    <None Include="..\resource\cursor_copy.cur">
      <Filter>Resource Files</Filter>
    </None>
    <None Include="..\resource\cursor_isb.cur">
      <Filter>Resource Files</Filter>
    </None>
    <None Include="..\resource\cursor_isf.cur">
      <Filter>Resource Files</Filter>
    </None>
    <None Include="..\resource\cursor_move.cur">
      <Filter>Resource Files</Filter>
    </None>
    <None Include="..\resource\cursor_rvarrow.cur">
      <Filter>Resource Files</Filter>
    </None>
    <None Include="..\resource\cursor_tab_join.cur">
      <Filter>Resource Files</Filter>
    </None>
    <None Include="..\resource\cursor_tab_separate.cur">
      <Filter>Resource Files</Filter>
    </None>
    <None Include="..\resource\MainMenu.ini">
      <Filter>Resource Files</Filter>
    </None>
  </ItemGroup>
  <ItemGroup>
    <Image Include="..\resource\auto_scroll_center.bmp">
      <Filter>Resource Files</Filter>
    </Image>
    <Image Include="..\resource\auto_scroll_horizontal.bmp">
      <Filter>Resource Files</Filter>
    </Image>
    <Image Include="..\resource\auto_scroll_vertical.bmp">
      <Filter>Resource Files</Filter>
    </Image>
    <Image Include="..\resource\icon_debug.ico">
      <Filter>Resource Files</Filter>
    </Image>
    <Image Include="..\resource\icon_grep.ico">
      <Filter>Resource Files</Filter>
    </Image>
    <Image Include="..\resource\icon_std.ico">
      <Filter>Resource Files</Filter>
    </Image>
    <Image Include="..\resource\mytool.bmp">
      <Filter>Resource Files</Filter>
    </Image>
    <Image Include="..\resource\printer.ico">
      <Filter>Resource Files</Filter>
    </Image>
  </ItemGroup>
  <ItemGroup>
    <ClCompile Include="..\sakura_core\_main\WinMain.cpp" />
  </ItemGroup>
  <ItemGroup>
    <ResourceCompile Include="..\sakura_core\sakura_rc.rc">
      <Filter>Resource Scripts</Filter>
    </ResourceCompile>
  </ItemGroup>
</Project>